Microsoft Visual Studio Solution File, Format Version 12.00
# Visual Studio Version 17
VisualStudioVersion = 17.5.2.0
MinimumVisualStudioVersion = 10.0.40219.1
Project("{FAE04EC0-301F-11D3-BF4B-00C04F79EFBC}") = "AppBlazor", "AppBlazor\AppBlazor.csproj", "{22A0CE98-864B-EC88-10E0-279F2CF95E61}"
EndProject
Global
	GlobalSection(SolutionConfigurationPlatforms) = preSolution
		Debug|Any CPU = Debug|Any CPU
		Release|Any CPU = Release|Any CPU
	EndGlobalSection
	GlobalSection(ProjectConfigurationPlatforms) = postSolution
		{22A0CE98-864B-EC88-10E0-279F2CF95E61}.Debug|Any CPU.ActiveCfg = Debug|Any CPU
		{22A0CE98-864B-EC88-10E0-279F2CF95E61}.Debug|Any CPU.Build.0 = Debug|Any CPU
		{22A0CE98-864B-EC88-10E0-279F2CF95E61}.Release|Any CPU.ActiveCfg = Release|Any CPU
		{22A0CE98-864B-EC88-10E0-279F2CF95E61}.Release|Any CPU.Build.0 = Release|Any CPU
	EndGlobalSection
	GlobalSection(SolutionProperties) = preSolution
		HideSolutionNode = FALSE
	EndGlobalSection
	GlobalSection(ExtensibilityGlobals) = postSolution
		SolutionGuid = {AC8DF2EB-B84D-4FC8-99CD-51CE62C56BA7}
	EndGlobalSection
EndGlobal
